
Microsoft Visual Studio Solution File, Format Version 12.00
# Visual Studio 15
VisualStudioVersion = 15.0.28307.271
MinimumVisualStudioVersion = 10.0.40219.1
Project("{FAE04EC0-301F-11D3-BF4B-00C04F79EFBC}") = "İki_Kenar_Bir_Derece_Alan_Hesaplama", "İki_Kenar_Bir_Derece_Alan_Hesaplama\İki_Kenar_Bir_Derece_Alan_Hesaplama.csproj", "{FA24BEC4-CBD1-44C5-AFCB-84426BA45D8E}"
EndProject
Global
	GlobalSection(SolutionConfigurationPlatforms) = preSolution
		Debug|Any CPU = Debug|Any CPU
		Release|Any CPU = Release|Any CPU
	EndGlobalSection
	GlobalSection(ProjectConfigurationPlatforms) = postSolution
		{FA24BEC4-CBD1-44C5-AFCB-84426BA45D8E}.Debug|Any CPU.ActiveCfg = Debug|Any CPU
		{FA24BEC4-CBD1-44C5-AFCB-84426BA45D8E}.Debug|Any CPU.Build.0 = Debug|Any CPU
		{FA24BEC4-CBD1-44C5-AFCB-84426BA45D8E}.Release|Any CPU.ActiveCfg = Release|Any CPU
		{FA24BEC4-CBD1-44C5-AFCB-84426BA45D8E}.Release|Any CPU.Build.0 = Release|Any CPU
	EndGlobalSection
	GlobalSection(SolutionProperties) = preSolution
		HideSolutionNode = FALSE
	EndGlobalSection
	GlobalSection(ExtensibilityGlobals) = postSolution
		SolutionGuid = {7A48C55D-A85C-4162-B873-76B3E7DBB959}
	EndGlobalSection
EndGlobal
