
Microsoft Visual Studio Solution File, Format Version 12.00
# Visual Studio 15
VisualStudioVersion = 15.0.28307.271
MinimumVisualStudioVersion = 10.0.40219.1
Project("{FAE04EC0-301F-11D3-BF4B-00C04F79EFBC}") = "istanbul_dik_üçgen", "istanbul_dik_üçgen\istanbul_dik_üçgen.csproj", "{805D0B05-D898-4471-AFCB-8E66F4F0F044}"
EndProject
Global
	GlobalSection(SolutionConfigurationPlatforms) = preSolution
		Debug|Any CPU = Debug|Any CPU
		Release|Any CPU = Release|Any CPU
	EndGlobalSection
	GlobalSection(ProjectConfigurationPlatforms) = postSolution
		{805D0B05-D898-4471-AFCB-8E66F4F0F044}.Debug|Any CPU.ActiveCfg = Debug|Any CPU
		{805D0B05-D898-4471-AFCB-8E66F4F0F044}.Debug|Any CPU.Build.0 = Debug|Any CPU
		{805D0B05-D898-4471-AFCB-8E66F4F0F044}.Release|Any CPU.ActiveCfg = Release|Any CPU
		{805D0B05-D898-4471-AFCB-8E66F4F0F044}.Release|Any CPU.Build.0 = Release|Any CPU
	EndGlobalSection
	GlobalSection(SolutionProperties) = preSolution
		HideSolutionNode = FALSE
	EndGlobalSection
	GlobalSection(ExtensibilityGlobals) = postSolution
		SolutionGuid = {BFB40F72-0019-4F46-AFA3-0F5DFCAFF442}
	EndGlobalSection
EndGlobal
