
Microsoft Visual Studio Solution File, Format Version 12.00
# Visual Studio 15
VisualStudioVersion = 15.0.28307.271
MinimumVisualStudioVersion = 10.0.40219.1
Project("{FAE04EC0-301F-11D3-BF4B-00C04F79EFBC}") = "Queue_Sınıfı_Ornegi", "Queue_Sınıfı_Ornegi\Queue_Sınıfı_Ornegi.csproj", "{80D3264B-A66C-4B70-A43A-24F2B36EBE2D}"
EndProject
Global
	GlobalSection(SolutionConfigurationPlatforms) = preSolution
		Debug|Any CPU = Debug|Any CPU
		Release|Any CPU = Release|Any CPU
	EndGlobalSection
	GlobalSection(ProjectConfigurationPlatforms) = postSolution
		{80D3264B-A66C-4B70-A43A-24F2B36EBE2D}.Debug|Any CPU.ActiveCfg = Debug|Any CPU
		{80D3264B-A66C-4B70-A43A-24F2B36EBE2D}.Debug|Any CPU.Build.0 = Debug|Any CPU
		{80D3264B-A66C-4B70-A43A-24F2B36EBE2D}.Release|Any CPU.ActiveCfg = Release|Any CPU
		{80D3264B-A66C-4B70-A43A-24F2B36EBE2D}.Release|Any CPU.Build.0 = Release|Any CPU
	EndGlobalSection
	GlobalSection(SolutionProperties) = preSolution
		HideSolutionNode = FALSE
	EndGlobalSection
	GlobalSection(ExtensibilityGlobals) = postSolution
		SolutionGuid = {6E61A481-598E-4023-91EA-66DB43A2EA5A}
	EndGlobalSection
EndGlobal
