
Microsoft Visual Studio Solution File, Format Version 12.00
# Visual Studio 15
VisualStudioVersion = 15.0.28307.271
MinimumVisualStudioVersion = 10.0.40219.1
Project("{FAE04EC0-301F-11D3-BF4B-00C04F79EFBC}") = "w_ile_harf_harf_istanbul", "w_ile_harf_harf_istanbul\w_ile_harf_harf_istanbul.csproj", "{B1ADB077-6517-44C9-AD9C-2E64D8B8A38B}"
EndProject
Global
	GlobalSection(SolutionConfigurationPlatforms) = preSolution
		Debug|Any CPU = Debug|Any CPU
		Release|Any CPU = Release|Any CPU
	EndGlobalSection
	GlobalSection(ProjectConfigurationPlatforms) = postSolution
		{B1ADB077-6517-44C9-AD9C-2E64D8B8A38B}.Debug|Any CPU.ActiveCfg = Debug|Any CPU
		{B1ADB077-6517-44C9-AD9C-2E64D8B8A38B}.Debug|Any CPU.Build.0 = Debug|Any CPU
		{B1ADB077-6517-44C9-AD9C-2E64D8B8A38B}.Release|Any CPU.ActiveCfg = Release|Any CPU
		{B1ADB077-6517-44C9-AD9C-2E64D8B8A38B}.Release|Any CPU.Build.0 = Release|Any CPU
	EndGlobalSection
	GlobalSection(SolutionProperties) = preSolution
		HideSolutionNode = FALSE
	EndGlobalSection
	GlobalSection(ExtensibilityGlobals) = postSolution
		SolutionGuid = {E1285781-0F22-4CFB-B09E-8CB9D1F4C0AF}
	EndGlobalSection
EndGlobal
