
Microsoft Visual Studio Solution File, Format Version 12.00
# Visual Studio 15
VisualStudioVersion = 15.0.28307.271
MinimumVisualStudioVersion = 10.0.40219.1
Project("{FAE04EC0-301F-11D3-BF4B-00C04F79EFBC}") = "KrediHesabim_Uygulaması", "KrediHesabim_Uygulaması\KrediHesabim_Uygulaması.csproj", "{89A0C81E-DDE1-4ED5-A2A2-AEA06D8EBFAD}"
EndProject
Global
	GlobalSection(SolutionConfigurationPlatforms) = preSolution
		Debug|Any CPU = Debug|Any CPU
		Release|Any CPU = Release|Any CPU
	EndGlobalSection
	GlobalSection(ProjectConfigurationPlatforms) = postSolution
		{89A0C81E-DDE1-4ED5-A2A2-AEA06D8EBFAD}.Debug|Any CPU.ActiveCfg = Debug|Any CPU
		{89A0C81E-DDE1-4ED5-A2A2-AEA06D8EBFAD}.Debug|Any CPU.Build.0 = Debug|Any CPU
		{89A0C81E-DDE1-4ED5-A2A2-AEA06D8EBFAD}.Release|Any CPU.ActiveCfg = Release|Any CPU
		{89A0C81E-DDE1-4ED5-A2A2-AEA06D8EBFAD}.Release|Any CPU.Build.0 = Release|Any CPU
	EndGlobalSection
	GlobalSection(SolutionProperties) = preSolution
		HideSolutionNode = FALSE
	EndGlobalSection
	GlobalSection(ExtensibilityGlobals) = postSolution
		SolutionGuid = {E63DC150-A835-48D4-979D-AACD5E64D8FF}
	EndGlobalSection
EndGlobal
