
Microsoft Visual Studio Solution File, Format Version 12.00
# Visual Studio 15
VisualStudioVersion = 15.0.28307.271
MinimumVisualStudioVersion = 10.0.40219.1
Project("{FAE04EC0-301F-11D3-BF4B-00C04F79EFBC}") = "Selection_Sort_Uygulaması", "Selection_Sort_Uygulaması\Selection_Sort_Uygulaması.csproj", "{5B24D44F-87DB-4285-8ACA-77FC92DB17F1}"
EndProject
Global
	GlobalSection(SolutionConfigurationPlatforms) = preSolution
		Debug|Any CPU = Debug|Any CPU
		Release|Any CPU = Release|Any CPU
	EndGlobalSection
	GlobalSection(ProjectConfigurationPlatforms) = postSolution
		{5B24D44F-87DB-4285-8ACA-77FC92DB17F1}.Debug|Any CPU.ActiveCfg = Debug|Any CPU
		{5B24D44F-87DB-4285-8ACA-77FC92DB17F1}.Debug|Any CPU.Build.0 = Debug|Any CPU
		{5B24D44F-87DB-4285-8ACA-77FC92DB17F1}.Release|Any CPU.ActiveCfg = Release|Any CPU
		{5B24D44F-87DB-4285-8ACA-77FC92DB17F1}.Release|Any CPU.Build.0 = Release|Any CPU
	EndGlobalSection
	GlobalSection(SolutionProperties) = preSolution
		HideSolutionNode = FALSE
	EndGlobalSection
	GlobalSection(ExtensibilityGlobals) = postSolution
		SolutionGuid = {C606EC9C-C35A-43D5-8240-706ED8D7B10D}
	EndGlobalSection
EndGlobal
