
Microsoft Visual Studio Solution File, Format Version 12.00
# Visual Studio 15
VisualStudioVersion = 15.0.28307.271
MinimumVisualStudioVersion = 10.0.40219.1
Project("{FAE04EC0-301F-11D3-BF4B-00C04F79EFBC}") = "Köşegen_Ve_Açı_Alan_Bulma", "Köşegen_Ve_Açı_Alan_Bulma\Köşegen_Ve_Açı_Alan_Bulma.csproj", "{617129D0-9DA6-470C-8917-1AFB0E86E559}"
EndProject
Global
	GlobalSection(SolutionConfigurationPlatforms) = preSolution
		Debug|Any CPU = Debug|Any CPU
		Release|Any CPU = Release|Any CPU
	EndGlobalSection
	GlobalSection(ProjectConfigurationPlatforms) = postSolution
		{617129D0-9DA6-470C-8917-1AFB0E86E559}.Debug|Any CPU.ActiveCfg = Debug|Any CPU
		{617129D0-9DA6-470C-8917-1AFB0E86E559}.Debug|Any CPU.Build.0 = Debug|Any CPU
		{617129D0-9DA6-470C-8917-1AFB0E86E559}.Release|Any CPU.ActiveCfg = Release|Any CPU
		{617129D0-9DA6-470C-8917-1AFB0E86E559}.Release|Any CPU.Build.0 = Release|Any CPU
	EndGlobalSection
	GlobalSection(SolutionProperties) = preSolution
		HideSolutionNode = FALSE
	EndGlobalSection
	GlobalSection(ExtensibilityGlobals) = postSolution
		SolutionGuid = {9E7251E9-BA1B-4B77-9AB4-78DD354C0C84}
	EndGlobalSection
EndGlobal
