
Microsoft Visual Studio Solution File, Format Version 12.00
# Visual Studio 15
VisualStudioVersion = 15.0.28307.271
MinimumVisualStudioVersion = 10.0.40219.1
Project("{FAE04EC0-301F-11D3-BF4B-00C04F79EFBC}") = "Daire_Dilimin_Alanını_Bulma", "Daire_Dilimin_Alanını_Bulma\Daire_Dilimin_Alanını_Bulma.csproj", "{7BE61DFA-FB10-44E4-AF41-855879EDC613}"
EndProject
Global
	GlobalSection(SolutionConfigurationPlatforms) = preSolution
		Debug|Any CPU = Debug|Any CPU
		Release|Any CPU = Release|Any CPU
	EndGlobalSection
	GlobalSection(ProjectConfigurationPlatforms) = postSolution
		{7BE61DFA-FB10-44E4-AF41-855879EDC613}.Debug|Any CPU.ActiveCfg = Debug|Any CPU
		{7BE61DFA-FB10-44E4-AF41-855879EDC613}.Debug|Any CPU.Build.0 = Debug|Any CPU
		{7BE61DFA-FB10-44E4-AF41-855879EDC613}.Release|Any CPU.ActiveCfg = Release|Any CPU
		{7BE61DFA-FB10-44E4-AF41-855879EDC613}.Release|Any CPU.Build.0 = Release|Any CPU
	EndGlobalSection
	GlobalSection(SolutionProperties) = preSolution
		HideSolutionNode = FALSE
	EndGlobalSection
	GlobalSection(ExtensibilityGlobals) = postSolution
		SolutionGuid = {D872EE33-1C81-4717-9216-828A9E5900F5}
	EndGlobalSection
EndGlobal
