
Microsoft Visual Studio Solution File, Format Version 12.00
# Visual Studio 15
VisualStudioVersion = 15.0.28307.271
MinimumVisualStudioVersion = 10.0.40219.1
Project("{FAE04EC0-301F-11D3-BF4B-00C04F79EFBC}") = "Üç_Sayının_Minimumunu_Bulma_Uygulaması", "Üç_Sayının_Minimumunu_Bulma_Uygulaması\Üç_Sayının_Minimumunu_Bulma_Uygulaması.csproj", "{90121935-62D3-4472-9C7D-158D6ED0C399}"
EndProject
Global
	GlobalSection(SolutionConfigurationPlatforms) = preSolution
		Debug|Any CPU = Debug|Any CPU
		Release|Any CPU = Release|Any CPU
	EndGlobalSection
	GlobalSection(ProjectConfigurationPlatforms) = postSolution
		{90121935-62D3-4472-9C7D-158D6ED0C399}.Debug|Any CPU.ActiveCfg = Debug|Any CPU
		{90121935-62D3-4472-9C7D-158D6ED0C399}.Debug|Any CPU.Build.0 = Debug|Any CPU
		{90121935-62D3-4472-9C7D-158D6ED0C399}.Release|Any CPU.ActiveCfg = Release|Any CPU
		{90121935-62D3-4472-9C7D-158D6ED0C399}.Release|Any CPU.Build.0 = Release|Any CPU
	EndGlobalSection
	GlobalSection(SolutionProperties) = preSolution
		HideSolutionNode = FALSE
	EndGlobalSection
	GlobalSection(ExtensibilityGlobals) = postSolution
		SolutionGuid = {ED26F6FE-5261-4013-A70A-96E787CEF298}
	EndGlobalSection
EndGlobal
