
Microsoft Visual Studio Solution File, Format Version 12.00
# Visual Studio 15
VisualStudioVersion = 15.0.28307.271
MinimumVisualStudioVersion = 10.0.40219.1
Project("{FAE04EC0-301F-11D3-BF4B-00C04F79EFBC}") = "X_ile_Çıkış_Yapma", "X_ile_Çıkış_Yapma\X_ile_Çıkış_Yapma.csproj", "{92BF2B41-41AE-450B-BC5D-E36DDF9165A5}"
EndProject
Global
	GlobalSection(SolutionConfigurationPlatforms) = preSolution
		Debug|Any CPU = Debug|Any CPU
		Release|Any CPU = Release|Any CPU
	EndGlobalSection
	GlobalSection(ProjectConfigurationPlatforms) = postSolution
		{92BF2B41-41AE-450B-BC5D-E36DDF9165A5}.Debug|Any CPU.ActiveCfg = Debug|Any CPU
		{92BF2B41-41AE-450B-BC5D-E36DDF9165A5}.Debug|Any CPU.Build.0 = Debug|Any CPU
		{92BF2B41-41AE-450B-BC5D-E36DDF9165A5}.Release|Any CPU.ActiveCfg = Release|Any CPU
		{92BF2B41-41AE-450B-BC5D-E36DDF9165A5}.Release|Any CPU.Build.0 = Release|Any CPU
	EndGlobalSection
	GlobalSection(SolutionProperties) = preSolution
		HideSolutionNode = FALSE
	EndGlobalSection
	GlobalSection(ExtensibilityGlobals) = postSolution
		SolutionGuid = {98A66A08-9859-4868-9F05-13637A14ED56}
	EndGlobalSection
EndGlobal
