
Microsoft Visual Studio Solution File, Format Version 12.00
# Visual Studio 15
VisualStudioVersion = 15.0.28307.271
MinimumVisualStudioVersion = 10.0.40219.1
Project("{FAE04EC0-301F-11D3-BF4B-00C04F79EFBC}") = "HesapMakinası_1", "HesapMakinası_1\HesapMakinası_1.csproj", "{9CF9B3B4-F42B-42EB-9F7C-E6B2B5FD50CC}"
EndProject
Global
	GlobalSection(SolutionConfigurationPlatforms) = preSolution
		Debug|Any CPU = Debug|Any CPU
		Release|Any CPU = Release|Any CPU
	EndGlobalSection
	GlobalSection(ProjectConfigurationPlatforms) = postSolution
		{9CF9B3B4-F42B-42EB-9F7C-E6B2B5FD50CC}.Debug|Any CPU.ActiveCfg = Debug|Any CPU
		{9CF9B3B4-F42B-42EB-9F7C-E6B2B5FD50CC}.Debug|Any CPU.Build.0 = Debug|Any CPU
		{9CF9B3B4-F42B-42EB-9F7C-E6B2B5FD50CC}.Release|Any CPU.ActiveCfg = Release|Any CPU
		{9CF9B3B4-F42B-42EB-9F7C-E6B2B5FD50CC}.Release|Any CPU.Build.0 = Release|Any CPU
	EndGlobalSection
	GlobalSection(SolutionProperties) = preSolution
		HideSolutionNode = FALSE
	EndGlobalSection
	GlobalSection(ExtensibilityGlobals) = postSolution
		SolutionGuid = {CAE95A00-4519-4D3A-AF2B-71FA8D545F47}
	EndGlobalSection
EndGlobal
