
Microsoft Visual Studio Solution File, Format Version 12.00
# Visual Studio 15
VisualStudioVersion = 15.0.28307.271
MinimumVisualStudioVersion = 10.0.40219.1
Project("{FAE04EC0-301F-11D3-BF4B-00C04F79EFBC}") = "Hipotenüs", "Hipotenüs\Hipotenüs.csproj", "{7AF72CF9-5304-407E-879E-0FBD48B487BE}"
EndProject
Global
	GlobalSection(SolutionConfigurationPlatforms) = preSolution
		Debug|Any CPU = Debug|Any CPU
		Release|Any CPU = Release|Any CPU
	EndGlobalSection
	GlobalSection(ProjectConfigurationPlatforms) = postSolution
		{7AF72CF9-5304-407E-879E-0FBD48B487BE}.Debug|Any CPU.ActiveCfg = Debug|Any CPU
		{7AF72CF9-5304-407E-879E-0FBD48B487BE}.Debug|Any CPU.Build.0 = Debug|Any CPU
		{7AF72CF9-5304-407E-879E-0FBD48B487BE}.Release|Any CPU.ActiveCfg = Release|Any CPU
		{7AF72CF9-5304-407E-879E-0FBD48B487BE}.Release|Any CPU.Build.0 = Release|Any CPU
	EndGlobalSection
	GlobalSection(SolutionProperties) = preSolution
		HideSolutionNode = FALSE
	EndGlobalSection
	GlobalSection(ExtensibilityGlobals) = postSolution
		SolutionGuid = {F75A5A61-56ED-42A1-AF56-944C99C35919}
	EndGlobalSection
EndGlobal
