
Microsoft Visual Studio Solution File, Format Version 12.00
# Visual Studio 15
VisualStudioVersion = 15.0.28307.271
MinimumVisualStudioVersion = 10.0.40219.1
Project("{FAE04EC0-301F-11D3-BF4B-00C04F79EFBC}") = "Permütasyon_Hesaplama_Uygulaması", "Permütasyon_Hesaplama_Uygulaması\Permütasyon_Hesaplama_Uygulaması.csproj", "{E2ACC6C9-859D-4910-A758-73052C47BCE9}"
EndProject
Global
	GlobalSection(SolutionConfigurationPlatforms) = preSolution
		Debug|Any CPU = Debug|Any CPU
		Release|Any CPU = Release|Any CPU
	EndGlobalSection
	GlobalSection(ProjectConfigurationPlatforms) = postSolution
		{E2ACC6C9-859D-4910-A758-73052C47BCE9}.Debug|Any CPU.ActiveCfg = Debug|Any CPU
		{E2ACC6C9-859D-4910-A758-73052C47BCE9}.Debug|Any CPU.Build.0 = Debug|Any CPU
		{E2ACC6C9-859D-4910-A758-73052C47BCE9}.Release|Any CPU.ActiveCfg = Release|Any CPU
		{E2ACC6C9-859D-4910-A758-73052C47BCE9}.Release|Any CPU.Build.0 = Release|Any CPU
	EndGlobalSection
	GlobalSection(SolutionProperties) = preSolution
		HideSolutionNode = FALSE
	EndGlobalSection
	GlobalSection(ExtensibilityGlobals) = postSolution
		SolutionGuid = {F3AE4391-C66F-4000-86C2-70166AC01A01}
	EndGlobalSection
EndGlobal
