
Microsoft Visual Studio Solution File, Format Version 12.00
# Visual Studio 15
VisualStudioVersion = 15.0.28307.271
MinimumVisualStudioVersion = 10.0.40219.1
Project("{FAE04EC0-301F-11D3-BF4B-00C04F79EFBC}") = "Hashtable_Sınıfı_Ornegi", "Hashtable_Sınıfı_Ornegi\Hashtable_Sınıfı_Ornegi.csproj", "{BEC81129-516D-4C1D-BA7B-C6BFC3C2B235}"
EndProject
Global
	GlobalSection(SolutionConfigurationPlatforms) = preSolution
		Debug|Any CPU = Debug|Any CPU
		Release|Any CPU = Release|Any CPU
	EndGlobalSection
	GlobalSection(ProjectConfigurationPlatforms) = postSolution
		{BEC81129-516D-4C1D-BA7B-C6BFC3C2B235}.Debug|Any CPU.ActiveCfg = Debug|Any CPU
		{BEC81129-516D-4C1D-BA7B-C6BFC3C2B235}.Debug|Any CPU.Build.0 = Debug|Any CPU
		{BEC81129-516D-4C1D-BA7B-C6BFC3C2B235}.Release|Any CPU.ActiveCfg = Release|Any CPU
		{BEC81129-516D-4C1D-BA7B-C6BFC3C2B235}.Release|Any CPU.Build.0 = Release|Any CPU
	EndGlobalSection
	GlobalSection(SolutionProperties) = preSolution
		HideSolutionNode = FALSE
	EndGlobalSection
	GlobalSection(ExtensibilityGlobals) = postSolution
		SolutionGuid = {D91A1F0D-9CE2-4A42-B107-EB79CBE9A9E3}
	EndGlobalSection
EndGlobal
