
Microsoft Visual Studio Solution File, Format Version 12.00
# Visual Studio 15
VisualStudioVersion = 15.0.28307.271
MinimumVisualStudioVersion = 10.0.40219.1
Project("{FAE04EC0-301F-11D3-BF4B-00C04F79EFBC}") = "V_I_R_Devre_Sorusu_Örneği", "V_I_R_Devre_Sorusu_Örneği\V_I_R_Devre_Sorusu_Örneği.csproj", "{1A2339F6-6F1C-4E21-B8B8-C443D5F6B640}"
EndProject
Global
	GlobalSection(SolutionConfigurationPlatforms) = preSolution
		Debug|Any CPU = Debug|Any CPU
		Release|Any CPU = Release|Any CPU
	EndGlobalSection
	GlobalSection(ProjectConfigurationPlatforms) = postSolution
		{1A2339F6-6F1C-4E21-B8B8-C443D5F6B640}.Debug|Any CPU.ActiveCfg = Debug|Any CPU
		{1A2339F6-6F1C-4E21-B8B8-C443D5F6B640}.Debug|Any CPU.Build.0 = Debug|Any CPU
		{1A2339F6-6F1C-4E21-B8B8-C443D5F6B640}.Release|Any CPU.ActiveCfg = Release|Any CPU
		{1A2339F6-6F1C-4E21-B8B8-C443D5F6B640}.Release|Any CPU.Build.0 = Release|Any CPU
	EndGlobalSection
	GlobalSection(SolutionProperties) = preSolution
		HideSolutionNode = FALSE
	EndGlobalSection
	GlobalSection(ExtensibilityGlobals) = postSolution
		SolutionGuid = {0DC6B0AC-C31C-4A7E-9757-1391F67E7842}
	EndGlobalSection
EndGlobal
